// !$*UTF8*$!
{
	archiveVersion = 1;
	classes = {
	};
	objectVersion = 56;
	objects = {

/* Begin PBXBuildFile section */
		026745B91C4FAB4C3F7066A6 /* Pods_MandiriTV.framework in Frameworks */ = {isa = PBXBuildFile; fileRef = 6D0CF5135A9C7C00724A8A42 /* Pods_MandiriTV.framework */; };
		60496184297ADFD6001CA834 /* Movie.swift in Sources */ = {isa = PBXBuildFile; fileRef = 60496183297ADFD6001CA834 /* Movie.swift */; };
		60748CFF2977D3CB007AFFC9 /* AppDelegate.swift in Sources */ = {isa = PBXBuildFile; fileRef = 60748CFE2977D3CB007AFFC9 /* AppDelegate.swift */; };
		60748D012977D3CB007AFFC9 /* SceneDelegate.swift in Sources */ = {isa = PBXBuildFile; fileRef = 60748D002977D3CB007AFFC9 /* SceneDelegate.swift */; };
		60748D032977D3CB007AFFC9 /* ViewController.swift in Sources */ = {isa = PBXBuildFile; fileRef = 60748D022977D3CB007AFFC9 /* ViewController.swift */; };
		60748D062977D3CB007AFFC9 /* Main.storyboard in Resources */ = {isa = PBXBuildFile; fileRef = 60748D042977D3CB007AFFC9 /* Main.storyboard */; };
		60748D082977D3CD007AFFC9 /* Assets.xcassets in Resources */ = {isa = PBXBuildFile; fileRef = 60748D072977D3CD007AFFC9 /* Assets.xcassets */; };
		60748D0B2977D3CD007AFFC9 /* LaunchScreen.storyboard in Resources */ = {isa = PBXBuildFile; fileRef = 60748D092977D3CD007AFFC9 /* LaunchScreen.storyboard */; };
		60748D142977D745007AFFC9 /* Genre.swift in Sources */ = {isa = PBXBuildFile; fileRef = 60748D132977D745007AFFC9 /* Genre.swift */; };
		60748D162977E29F007AFFC9 /* APIEndpoints.swift in Sources */ = {isa = PBXBuildFile; fileRef = 60748D152977E29F007AFFC9 /* APIEndpoints.swift */; };
		60748D192977E396007AFFC9 /* GenreViewController.swift in Sources */ = {isa = PBXBuildFile; fileRef = 60748D182977E396007AFFC9 /* GenreViewController.swift */; };
		60748D1D2977EA00007AFFC9 /* GenreListRouter.swift in Sources */ = {isa = PBXBuildFile; fileRef = 60748D1C2977EA00007AFFC9 /* GenreListRouter.swift */; };
		608E44AA297A1DDA00853F39 /* Viewable.swift in Sources */ = {isa = PBXBuildFile; fileRef = 608E44A9297A1DDA00853F39 /* Viewable.swift */; };
		608E44AC297A206800853F39 /* Routerable.swift in Sources */ = {isa = PBXBuildFile; fileRef = 608E44AB297A206800853F39 /* Routerable.swift */; };
		608E44AE297A36CA00853F39 /* GenreListInteractor.swift in Sources */ = {isa = PBXBuildFile; fileRef = 608E44AD297A36CA00853F39 /* GenreListInteractor.swift */; };
		608E44B0297A3F1C00853F39 /* APIRequest.swift in Sources */ = {isa = PBXBuildFile; fileRef = 608E44AF297A3F1C00853F39 /* APIRequest.swift */; };
		608E44B2297A4E6B00853F39 /* GenreListPresenter.swift in Sources */ = {isa = PBXBuildFile; fileRef = 608E44B1297A4E6B00853F39 /* GenreListPresenter.swift */; };
		608E44B4297A517D00853F39 /* PresenterType.swift in Sources */ = {isa = PBXBuildFile; fileRef = 608E44B3297A517D00853F39 /* PresenterType.swift */; };
		608E44B7297A919E00853F39 /* MovieListViewController.swift in Sources */ = {isa = PBXBuildFile; fileRef = 608E44B6297A919E00853F39 /* MovieListViewController.swift */; };
		608E44B9297A91B500853F39 /* MovieListRouter.swift in Sources */ = {isa = PBXBuildFile; fileRef = 608E44B8297A91B500853F39 /* MovieListRouter.swift */; };
		608E44BB297A91C100853F39 /* MovieListInteractor.swift in Sources */ = {isa = PBXBuildFile; fileRef = 608E44BA297A91C100853F39 /* MovieListInteractor.swift */; };
		608E44BD297A91CC00853F39 /* MovieListPresenter.swift in Sources */ = {isa = PBXBuildFile; fileRef = 608E44BC297A91CC00853F39 /* MovieListPresenter.swift */; };
/* End PBXBuildFile section */

/* Begin PBXFileReference section */
		60496183297ADFD6001CA834 /* Movie.swift */ = {isa = PBXFileReference; lastKnownFileType = sourcecode.swift; path = Movie.swift; sourceTree = "<group>"; };
		60748CFB2977D3CB007AFFC9 /* MandiriTV.app */ = {isa = PBXFileReference; explicitFileType = wrapper.application; includeInIndex = 0; path = MandiriTV.app; sourceTree = BUILT_PRODUCTS_DIR; };
		60748CFE2977D3CB007AFFC9 /* AppDelegate.swift */ = {isa = PBXFileReference; lastKnownFileType = sourcecode.swift; path = AppDelegate.swift; sourceTree = "<group>"; };
		60748D002977D3CB007AFFC9 /* SceneDelegate.swift */ = {isa = PBXFileReference; lastKnownFileType = sourcecode.swift; path = SceneDelegate.swift; sourceTree = "<group>"; };
		60748D022977D3CB007AFFC9 /* ViewController.swift */ = {isa = PBXFileReference; lastKnownFileType = sourcecode.swift; path = ViewController.swift; sourceTree = "<group>"; };
		60748D052977D3CB007AFFC9 /* Base */ = {isa = PBXFileReference; lastKnownFileType = file.storyboard; name = Base; path = Base.lproj/Main.storyboard; sourceTree = "<group>"; };
		60748D072977D3CD007AFFC9 /* Assets.xcassets */ = {isa = PBXFileReference; lastKnownFileType = folder.assetcatalog; path = Assets.xcassets; sourceTree = "<group>"; };
		60748D0A2977D3CD007AFFC9 /* Base */ = {isa = PBXFileReference; lastKnownFileType = file.storyboard; name = Base; path = Base.lproj/LaunchScreen.storyboard; sourceTree = "<group>"; };
		60748D0C2977D3CD007AFFC9 /* Info.plist */ = {isa = PBXFileReference; lastKnownFileType = text.plist.xml; path = Info.plist; sourceTree = "<group>"; };
		60748D132977D745007AFFC9 /* Genre.swift */ = {isa = PBXFileReference; lastKnownFileType = sourcecode.swift; path = Genre.swift; sourceTree = "<group>"; };
		60748D152977E29F007AFFC9 /* APIEndpoints.swift */ = {isa = PBXFileReference; lastKnownFileType = sourcecode.swift; path = APIEndpoints.swift; sourceTree = "<group>"; };
		60748D182977E396007AFFC9 /* GenreViewController.swift */ = {isa = PBXFileReference; lastKnownFileType = sourcecode.swift; path = GenreViewController.swift; sourceTree = "<group>"; };
		60748D1C2977EA00007AFFC9 /* GenreListRouter.swift */ = {isa = PBXFileReference; lastKnownFileType = sourcecode.swift; path = GenreListRouter.swift; sourceTree = "<group>"; };
		608E44A9297A1DDA00853F39 /* Viewable.swift */ = {isa = PBXFileReference; lastKnownFileType = sourcecode.swift; path = Viewable.swift; sourceTree = "<group>"; };
		608E44AB297A206800853F39 /* Routerable.swift */ = {isa = PBXFileReference; lastKnownFileType = sourcecode.swift; path = Routerable.swift; sourceTree = "<group>"; };
		608E44AD297A36CA00853F39 /* GenreListInteractor.swift */ = {isa = PBXFileReference; lastKnownFileType = sourcecode.swift; path = GenreListInteractor.swift; sourceTree = "<group>"; };
		608E44AF297A3F1C00853F39 /* APIRequest.swift */ = {isa = PBXFileReference; lastKnownFileType = sourcecode.swift; path = APIRequest.swift; sourceTree = "<group>"; };
		608E44B1297A4E6B00853F39 /* GenreListPresenter.swift */ = {isa = PBXFileReference; lastKnownFileType = sourcecode.swift; path = GenreListPresenter.swift; sourceTree = "<group>"; };
		608E44B3297A517D00853F39 /* PresenterType.swift */ = {isa = PBXFileReference; lastKnownFileType = sourcecode.swift; path = PresenterType.swift; sourceTree = "<group>"; };
		608E44B6297A919E00853F39 /* MovieListViewController.swift */ = {isa = PBXFileReference; lastKnownFileType = sourcecode.swift; path = MovieListViewController.swift; sourceTree = "<group>"; };
		608E44B8297A91B500853F39 /* MovieListRouter.swift */ = {isa = PBXFileReference; lastKnownFileType = sourcecode.swift; path = MovieListRouter.swift; sourceTree = "<group>"; };
		608E44BA297A91C100853F39 /* MovieListInteractor.swift */ = {isa = PBXFileReference; lastKnownFileType = sourcecode.swift; path = MovieListInteractor.swift; sourceTree = "<group>"; };
		608E44BC297A91CC00853F39 /* MovieListPresenter.swift */ = {isa = PBXFileReference; lastKnownFileType = sourcecode.swift; path = MovieListPresenter.swift; sourceTree = "<group>"; };
		6D0CF5135A9C7C00724A8A42 /* Pods_MandiriTV.framework */ = {isa = PBXFileReference; explicitFileType = wrapper.framework; includeInIndex = 0; path = Pods_MandiriTV.framework; sourceTree = BUILT_PRODUCTS_DIR; };
		B6541D98FE96262E1C9171CC /* Pods-MandiriTV.release.xcconfig */ = {isa = PBXFileReference; includeInIndex = 1; lastKnownFileType = text.xcconfig; name = "Pods-MandiriTV.release.xcconfig"; path = "Target Support Files/Pods-MandiriTV/Pods-MandiriTV.release.xcconfig"; sourceTree = "<group>"; };
		CABB946B8A6CF46B5839A732 /* Pods-MandiriTV.debug.xcconfig */ = {isa = PBXFileReference; includeInIndex = 1; lastKnownFileType = text.xcconfig; name = "Pods-MandiriTV.debug.xcconfig"; path = "Target Support Files/Pods-MandiriTV/Pods-MandiriTV.debug.xcconfig"; sourceTree = "<group>"; };
/* End PBXFileReference section */

/* Begin PBXFrameworksBuildPhase section */
		60748CF82977D3CB007AFFC9 /* Frameworks */ = {
			isa = PBXFrameworksBuildPhase;
			buildActionMask = 2147483647;
			files = (
				026745B91C4FAB4C3F7066A6 /* Pods_MandiriTV.framework in Frameworks */,
			);
			runOnlyForDeploymentPostprocessing = 0;
		};
/* End PBXFrameworksBuildPhase section */

/* Begin PBXGroup section */
		306A1B3BFB65EBFD5B1153A2 /* Pods */ = {
			isa = PBXGroup;
			children = (
				CABB946B8A6CF46B5839A732 /* Pods-MandiriTV.debug.xcconfig */,
				B6541D98FE96262E1C9171CC /* Pods-MandiriTV.release.xcconfig */,
			);
			path = Pods;
			sourceTree = "<group>";
		};
		60748CF22977D3CB007AFFC9 = {
			isa = PBXGroup;
			children = (
				60748CFD2977D3CB007AFFC9 /* MandiriTV */,
				60748CFC2977D3CB007AFFC9 /* Products */,
				306A1B3BFB65EBFD5B1153A2 /* Pods */,
				66E1C5926F0F0910910893E3 /* Frameworks */,
			);
			sourceTree = "<group>";
		};
		60748CFC2977D3CB007AFFC9 /* Products */ = {
			isa = PBXGroup;
			children = (
				60748CFB2977D3CB007AFFC9 /* MandiriTV.app */,
			);
			name = Products;
			sourceTree = "<group>";
		};
		60748CFD2977D3CB007AFFC9 /* MandiriTV */ = {
			isa = PBXGroup;
			children = (
				60748D1B2977E959007AFFC9 /* Protocols */,
				60748D172977E36A007AFFC9 /* Modules */,
				60748D122977D4CA007AFFC9 /* Entities */,
				60748CFE2977D3CB007AFFC9 /* AppDelegate.swift */,
				60748D002977D3CB007AFFC9 /* SceneDelegate.swift */,
				60748D022977D3CB007AFFC9 /* ViewController.swift */,
				60748D042977D3CB007AFFC9 /* Main.storyboard */,
				60748D072977D3CD007AFFC9 /* Assets.xcassets */,
				60748D092977D3CD007AFFC9 /* LaunchScreen.storyboard */,
				60748D0C2977D3CD007AFFC9 /* Info.plist */,
				60748D152977E29F007AFFC9 /* APIEndpoints.swift */,
				608E44AF297A3F1C00853F39 /* APIRequest.swift */,
			);
			path = MandiriTV;
			sourceTree = "<group>";
		};
		60748D122977D4CA007AFFC9 /* Entities */ = {
			isa = PBXGroup;
			children = (
				60748D132977D745007AFFC9 /* Genre.swift */,
				60496183297ADFD6001CA834 /* Movie.swift */,
			);
			path = Entities;
			sourceTree = "<group>";
		};
		60748D172977E36A007AFFC9 /* Modules */ = {
			isa = PBXGroup;
			children = (
				608E44B5297A8F7900853F39 /* MovieList */,
				60748D1A2977E689007AFFC9 /* GenreList */,
			);
			path = Modules;
			sourceTree = "<group>";
		};
		60748D1A2977E689007AFFC9 /* GenreList */ = {
			isa = PBXGroup;
			children = (
				60748D182977E396007AFFC9 /* GenreViewController.swift */,
				60748D1C2977EA00007AFFC9 /* GenreListRouter.swift */,
				608E44AD297A36CA00853F39 /* GenreListInteractor.swift */,
				608E44B1297A4E6B00853F39 /* GenreListPresenter.swift */,
			);
			path = GenreList;
			sourceTree = "<group>";
		};
		60748D1B2977E959007AFFC9 /* Protocols */ = {
			isa = PBXGroup;
			children = (
				608E44A9297A1DDA00853F39 /* Viewable.swift */,
				608E44AB297A206800853F39 /* Routerable.swift */,
				608E44B3297A517D00853F39 /* PresenterType.swift */,
			);
			path = Protocols;
			sourceTree = "<group>";
		};
		608E44B5297A8F7900853F39 /* MovieList */ = {
			isa = PBXGroup;
			children = (
				608E44B6297A919E00853F39 /* MovieListViewController.swift */,
				608E44B8297A91B500853F39 /* MovieListRouter.swift */,
				608E44BA297A91C100853F39 /* MovieListInteractor.swift */,
				608E44BC297A91CC00853F39 /* MovieListPresenter.swift */,
			);
			path = MovieList;
			sourceTree = "<group>";
		};
		66E1C5926F0F0910910893E3 /* Frameworks */ = {
			isa = PBXGroup;
			children = (
				6D0CF5135A9C7C00724A8A42 /* Pods_MandiriTV.framework */,
			);
			name = Frameworks;
			sourceTree = "<group>";
		};
/* End PBXGroup section */

/* Begin PBXNativeTarget section */
		60748CFA2977D3CB007AFFC9 /* MandiriTV */ = {
			isa = PBXNativeTarget;
			buildConfigurationList = 60748D0F2977D3CD007AFFC9 /* Build configuration list for PBXNativeTarget "MandiriTV" */;
			buildPhases = (
				C053BFB6F0BC4C39C73EEC81 /* [CP] Check Pods Manifest.lock */,
				60748CF72977D3CB007AFFC9 /* Sources */,
				60748CF82977D3CB007AFFC9 /* Frameworks */,
				60748CF92977D3CB007AFFC9 /* Resources */,
				AABB61482110E5A50232A327 /* [CP] Embed Pods Frameworks */,
			);
			buildRules = (
			);
			dependencies = (
			);
			name = MandiriTV;
			productName = MandiriTV;
			productReference = 60748CFB2977D3CB007AFFC9 /* MandiriTV.app */;
			productType = "com.apple.product-type.application";
		};
/* End PBXNativeTarget section */

/* Begin PBXProject section */
		60748CF32977D3CB007AFFC9 /* Project object */ = {
			isa = PBXProject;
			attributes = {
				BuildIndependentTargetsInParallel = 1;
				LastSwiftUpdateCheck = 1410;
				LastUpgradeCheck = 1410;
				TargetAttributes = {
					60748CFA2977D3CB007AFFC9 = {
						CreatedOnToolsVersion = 14.1;
					};
				};
			};
			buildConfigurationList = 60748CF62977D3CB007AFFC9 /* Build configuration list for PBXProject "MandiriTV" */;
			compatibilityVersion = "Xcode 14.0";
			developmentRegion = en;
			hasScannedForEncodings = 0;
			knownRegions = (
				en,
				Base,
			);
			mainGroup = 60748CF22977D3CB007AFFC9;
			productRefGroup = 60748CFC2977D3CB007AFFC9 /* Products */;
			projectDirPath = "";
			projectRoot = "";
			targets = (
				60748CFA2977D3CB007AFFC9 /* MandiriTV */,
			);
		};
/* End PBXProject section */

/* Begin PBXResourcesBuildPhase section */
		60748CF92977D3CB007AFFC9 /* Resources */ = {
			isa = PBXResourcesBuildPhase;
			buildActionMask = 2147483647;
			files = (
				60748D0B2977D3CD007AFFC9 /* LaunchScreen.storyboard in Resources */,
				60748D082977D3CD007AFFC9 /* Assets.xcassets in Resources */,
				60748D062977D3CB007AFFC9 /* Main.storyboard in Resources */,
			);
			runOnlyForDeploymentPostprocessing = 0;
		};
/* End PBXResourcesBuildPhase section */

/* Begin PBXShellScriptBuildPhase section */
		AABB61482110E5A50232A327 /* [CP] Embed Pods Frameworks */ = {
			isa = PBXShellScriptBuildPhase;
			buildActionMask = 2147483647;
			files = (
			);
			inputFileListPaths = (
				"${PODS_ROOT}/Target Support Files/Pods-MandiriTV/Pods-MandiriTV-frameworks-${CONFIGURATION}-input-files.xcfilelist",
			);
			name = "[CP] Embed Pods Frameworks";
			outputFileListPaths = (
				"${PODS_ROOT}/Target Support Files/Pods-MandiriTV/Pods-MandiriTV-frameworks-${CONFIGURATION}-output-files.xcfilelist",
			);
			runOnlyForDeploymentPostprocessing = 0;
			shellPath = /bin/sh;
			shellScript = "\"${PODS_ROOT}/Target Support Files/Pods-MandiriTV/Pods-MandiriTV-frameworks.sh\"\n";
			showEnvVarsInLog = 0;
		};
		C053BFB6F0BC4C39C73EEC81 /* [CP] Check Pods Manifest.lock */ = {
			isa = PBXShellScriptBuildPhase;
			buildActionMask = 2147483647;
			files = (
			);
			inputFileListPaths = (
			);
			inputPaths = (
				"${PODS_PODFILE_DIR_PATH}/Podfile.lock",
				"${PODS_ROOT}/Manifest.lock",
			);
			name = "[CP] Check Pods Manifest.lock";
			outputFileListPaths = (
			);
			outputPaths = (
				"$(DERIVED_FILE_DIR)/Pods-MandiriTV-checkManifestLockResult.txt",
			);
			runOnlyForDeploymentPostprocessing = 0;
			shellPath = /bin/sh;
			shellScript = "diff \"${PODS_PODFILE_DIR_PATH}/Podfile.lock\" \"${PODS_ROOT}/Manifest.lock\" > /dev/null\nif [ $? != 0 ] ; then\n    # print error to STDERR\n    echo \"error: The sandbox is not in sync with the Podfile.lock. Run 'pod install' or update your CocoaPods installation.\" >&2\n    exit 1\nfi\n# This output is used by Xcode 'outputs' to avoid re-running this script phase.\necho \"SUCCESS\" > \"${SCRIPT_OUTPUT_FILE_0}\"\n";
			showEnvVarsInLog = 0;
		};
/* End PBXShellScriptBuildPhase section */

/* Begin PBXSourcesBuildPhase section */
		60748CF72977D3CB007AFFC9 /* Sources */ = {
			isa = PBXSourcesBuildPhase;
			buildActionMask = 2147483647;
			files = (
				608E44B2297A4E6B00853F39 /* GenreListPresenter.swift in Sources */,
				608E44AA297A1DDA00853F39 /* Viewable.swift in Sources */,
				60496184297ADFD6001CA834 /* Movie.swift in Sources */,
				60748D162977E29F007AFFC9 /* APIEndpoints.swift in Sources */,
				608E44B4297A517D00853F39 /* PresenterType.swift in Sources */,
				608E44AE297A36CA00853F39 /* GenreListInteractor.swift in Sources */,
				60748D032977D3CB007AFFC9 /* ViewController.swift in Sources */,
				60748CFF2977D3CB007AFFC9 /* AppDelegate.swift in Sources */,
				608E44AC297A206800853F39 /* Routerable.swift in Sources */,
				60748D012977D3CB007AFFC9 /* SceneDelegate.swift in Sources */,
				608E44B0297A3F1C00853F39 /* APIRequest.swift in Sources */,
				60748D1D2977EA00007AFFC9 /* GenreListRouter.swift in Sources */,
				608E44BB297A91C100853F39 /* MovieListInteractor.swift in Sources */,
				608E44BD297A91CC00853F39 /* MovieListPresenter.swift in Sources */,
				608E44B7297A919E00853F39 /* MovieListViewController.swift in Sources */,
				60748D192977E396007AFFC9 /* GenreViewController.swift in Sources */,
				608E44B9297A91B500853F39 /* MovieListRouter.swift in Sources */,
				60748D142977D745007AFFC9 /* Genre.swift in Sources */,
			);
			runOnlyForDeploymentPostprocessing = 0;
		};
/* End PBXSourcesBuildPhase section */

/* Begin PBXVariantGroup section */
		60748D042977D3CB007AFFC9 /* Main.storyboard */ = {
			isa = PBXVariantGroup;
			children = (
				60748D052977D3CB007AFFC9 /* Base */,
			);
			name = Main.storyboard;
			sourceTree = "<group>";
		};
		60748D092977D3CD007AFFC9 /* LaunchScreen.storyboard */ = {
			isa = PBXVariantGroup;
			children = (
				60748D0A2977D3CD007AFFC9 /* Base */,
			);
			name = LaunchScreen.storyboard;
			sourceTree = "<group>";
		};
/* End PBXVariantGroup section */

/* Begin XCBuildConfiguration section */
		60748D0D2977D3CD007AFFC9 /* Debug */ = {
			isa = XCBuildConfiguration;
			buildSettings = {
				ALWAYS_SEARCH_USER_PATHS = NO;
				CLANG_ANALYZER_NONNULL = YES;
				CLANG_ANALYZER_NUMBER_OBJECT_CONVERSION = YES_AGGRESSIVE;
				CLANG_CXX_LANGUAGE_STANDARD = "gnu++20";
				CLANG_ENABLE_MODULES = YES;
				CLANG_ENABLE_OBJC_ARC = YES;
				CLANG_ENABLE_OBJC_WEAK = YES;
				CLANG_WARN_BLOCK_CAPTURE_AUTORELEASING = YES;
				CLANG_WARN_BOOL_CONVERSION = YES;
				CLANG_WARN_COMMA = YES;
				CLANG_WARN_CONSTANT_CONVERSION = YES;
				CLANG_WARN_DEPRECATED_OBJC_IMPLEMENTATIONS = YES;
				CLANG_WARN_DIRECT_OBJC_ISA_USAGE = YES_ERROR;
				CLANG_WARN_DOCUMENTATION_COMMENTS = YES;
				CLANG_WARN_EMPTY_BODY = YES;
				CLANG_WARN_ENUM_CONVERSION = YES;
				CLANG_WARN_INFINITE_RECURSION = YES;
				CLANG_WARN_INT_CONVERSION = YES;
				CLANG_WARN_NON_LITERAL_NULL_CONVERSION = YES;
				CLANG_WARN_OBJC_IMPLICIT_RETAIN_SELF = YES;
				CLANG_WARN_OBJC_LITERAL_CONVERSION = YES;
				CLANG_WARN_OBJC_ROOT_CLASS = YES_ERROR;
				CLANG_WARN_QUOTED_INCLUDE_IN_FRAMEWORK_HEADER = YES;
				CLANG_WARN_RANGE_LOOP_ANALYSIS = YES;
				CLANG_WARN_STRICT_PROTOTYPES = YES;
				CLANG_WARN_SUSPICIOUS_MOVE = YES;
				CLANG_WARN_UNGUARDED_AVAILABILITY = YES_AGGRESSIVE;
				CLANG_WARN_UNREACHABLE_CODE = YES;
				CLANG_WARN__DUPLICATE_METHOD_MATCH = YES;
				COPY_PHASE_STRIP = NO;
				DEBUG_INFORMATION_FORMAT = dwarf;
				ENABLE_STRICT_OBJC_MSGSEND = YES;
				ENABLE_TESTABILITY = YES;
				GCC_C_LANGUAGE_STANDARD = gnu11;
				GCC_DYNAMIC_NO_PIC = NO;
				GCC_NO_COMMON_BLOCKS = YES;
				GCC_OPTIMIZATION_LEVEL = 0;
				GCC_PREPROCESSOR_DEFINITIONS = (
					"DEBUG=1",
					"$(inherited)",
				);
				GCC_WARN_64_TO_32_BIT_CONVERSION = YES;
				GCC_WARN_ABOUT_RETURN_TYPE = YES_ERROR;
				GCC_WARN_UNDECLARED_SELECTOR = YES;
				GCC_WARN_UNINITIALIZED_AUTOS = YES_AGGRESSIVE;
				GCC_WARN_UNUSED_FUNCTION = YES;
				GCC_WARN_UNUSED_VARIABLE = YES;
				IPHONEOS_DEPLOYMENT_TARGET = 16.1;
				MTL_ENABLE_DEBUG_INFO = INCLUDE_SOURCE;
				MTL_FAST_MATH = YES;
				ONLY_ACTIVE_ARCH = YES;
				SDKROOT = iphoneos;
				SWIFT_ACTIVE_COMPILATION_CONDITIONS = DEBUG;
				SWIFT_OPTIMIZATION_LEVEL = "-Onone";
			};
			name = Debug;
		};
		60748D0E2977D3CD007AFFC9 /* Release */ = {
			isa = XCBuildConfiguration;
			buildSettings = {
				ALWAYS_SEARCH_USER_PATHS = NO;
				CLANG_ANALYZER_NONNULL = YES;
				CLANG_ANALYZER_NUMBER_OBJECT_CONVERSION = YES_AGGRESSIVE;
				CLANG_CXX_LANGUAGE_STANDARD = "gnu++20";
				CLANG_ENABLE_MODULES = YES;
				CLANG_ENABLE_OBJC_ARC = YES;
				CLANG_ENABLE_OBJC_WEAK = YES;
				CLANG_WARN_BLOCK_CAPTURE_AUTORELEASING = YES;
				CLANG_WARN_BOOL_CONVERSION = YES;
				CLANG_WARN_COMMA = YES;
				CLANG_WARN_CONSTANT_CONVERSION = YES;
				CLANG_WARN_DEPRECATED_OBJC_IMPLEMENTATIONS = YES;
				CLANG_WARN_DIRECT_OBJC_ISA_USAGE = YES_ERROR;
				CLANG_WARN_DOCUMENTATION_COMMENTS = YES;
				CLANG_WARN_EMPTY_BODY = YES;
				CLANG_WARN_ENUM_CONVERSION = YES;
				CLANG_WARN_INFINITE_RECURSION = YES;
				CLANG_WARN_INT_CONVERSION = YES;
				CLANG_WARN_NON_LITERAL_NULL_CONVERSION = YES;
				CLANG_WARN_OBJC_IMPLICIT_RETAIN_SELF = YES;
				CLANG_WARN_OBJC_LITERAL_CONVERSION = YES;
				CLANG_WARN_OBJC_ROOT_CLASS = YES_ERROR;
				CLANG_WARN_QUOTED_INCLUDE_IN_FRAMEWORK_HEADER = YES;
				CLANG_WARN_RANGE_LOOP_ANALYSIS = YES;
				CLANG_WARN_STRICT_PROTOTYPES = YES;
				CLANG_WARN_SUSPICIOUS_MOVE = YES;
				CLANG_WARN_UNGUARDED_AVAILABILITY = YES_AGGRESSIVE;
				CLANG_WARN_UNREACHABLE_CODE = YES;
				CLANG_WARN__DUPLICATE_METHOD_MATCH = YES;
				COPY_PHASE_STRIP = NO;
				DEBUG_INFORMATION_FORMAT = "dwarf-with-dsym";
				ENABLE_NS_ASSERTIONS = NO;
				ENABLE_STRICT_OBJC_MSGSEND = YES;
				GCC_C_LANGUAGE_STANDARD = gnu11;
				GCC_NO_COMMON_BLOCKS = YES;
				GCC_WARN_64_TO_32_BIT_CONVERSION = YES;
				GCC_WARN_ABOUT_RETURN_TYPE = YES_ERROR;
				GCC_WARN_UNDECLARED_SELECTOR = YES;
				GCC_WARN_UNINITIALIZED_AUTOS = YES_AGGRESSIVE;
				GCC_WARN_UNUSED_FUNCTION = YES;
				GCC_WARN_UNUSED_VARIABLE = YES;
				IPHONEOS_DEPLOYMENT_TARGET = 16.1;
				MTL_ENABLE_DEBUG_INFO = NO;
				MTL_FAST_MATH = YES;
				SDKROOT = iphoneos;
				SWIFT_COMPILATION_MODE = wholemodule;
				SWIFT_OPTIMIZATION_LEVEL = "-O";
				VALIDATE_PRODUCT = YES;
			};
			name = Release;
		};
		60748D102977D3CD007AFFC9 /* Debug */ = {
			isa = XCBuildConfiguration;
			baseConfigurationReference = CABB946B8A6CF46B5839A732 /* Pods-MandiriTV.debug.xcconfig */;
			buildSettings = {
				ASSETCATALOG_COMPILER_APPICON_NAME = AppIcon;
				ASSETCATALOG_COMPILER_GLOBAL_ACCENT_COLOR_NAME = AccentColor;
				CODE_SIGN_STYLE = Automatic;
				CURRENT_PROJECT_VERSION = 1;
				DEVELOPMENT_TEAM = V2MAHT2ABP;
				GENERATE_INFOPLIST_FILE = YES;
				INFOPLIST_FILE = MandiriTV/Info.plist;
				INFOPLIST_KEY_UIApplicationSupportsIndirectInputEvents = YES;
				INFOPLIST_KEY_UILaunchStoryboardName = LaunchScreen;
				INFOPLIST_KEY_UIMainStoryboardFile = Main;
				INFOPLIST_KEY_UISupportedInterfaceOrientations_iPad = "UIInterfaceOrientationPortrait UIInterfaceOrientationPortraitUpsideDown UIInterfaceOrientationLandscapeLeft UIInterfaceOrientationLandscapeRight";
				INFOPLIST_KEY_UISupportedInterfaceOrientations_iPhone = "UIInterfaceOrientationPortrait UIInterfaceOrientationLandscapeLeft UIInterfaceOrientationLandscapeRight";
				LD_RUNPATH_SEARCH_PATHS = (
					"$(inherited)",
					"@executable_path/Frameworks",
				);
				MARKETING_VERSION = 1.0;
				PRODUCT_BUNDLE_IDENTIFIER = com.lowspecx.MandiriTV;
				PRODUCT_NAME = "$(TARGET_NAME)";
				SWIFT_EMIT_LOC_STRINGS = YES;
				SWIFT_VERSION = 5.0;
				TARGETED_DEVICE_FAMILY = "1,2";
			};
			name = Debug;
		};
		60748D112977D3CD007AFFC9 /* Release */ = {
			isa = XCBuildConfiguration;
			baseConfigurationReference = B6541D98FE96262E1C9171CC /* Pods-MandiriTV.release.xcconfig */;
			buildSettings = {
				ASSETCATALOG_COMPILER_APPICON_NAME = AppIcon;
				ASSETCATALOG_COMPILER_GLOBAL_ACCENT_COLOR_NAME = AccentColor;
				CODE_SIGN_STYLE = Automatic;
				CURRENT_PROJECT_VERSION = 1;
				DEVELOPMENT_TEAM = V2MAHT2ABP;
				GENERATE_INFOPLIST_FILE = YES;
				INFOPLIST_FILE = MandiriTV/Info.plist;
				INFOPLIST_KEY_UIApplicationSupportsIndirectInputEvents = YES;
				INFOPLIST_KEY_UILaunchStoryboardName = LaunchScreen;
				INFOPLIST_KEY_UIMainStoryboardFile = Main;
				INFOPLIST_KEY_UISupportedInterfaceOrientations_iPad = "UIInterfaceOrientationPortrait UIInterfaceOrientationPortraitUpsideDown UIInterfaceOrientationLandscapeLeft UIInterfaceOrientationLandscapeRight";
				INFOPLIST_KEY_UISupportedInterfaceOrientations_iPhone = "UIInterfaceOrientationPortrait UIInterfaceOrientationLandscapeLeft UIInterfaceOrientationLandscapeRight";
				LD_RUNPATH_SEARCH_PATHS = (
					"$(inherited)",
					"@executable_path/Frameworks",
				);
				MARKETING_VERSION = 1.0;
				PRODUCT_BUNDLE_IDENTIFIER = com.lowspecx.MandiriTV;
				PRODUCT_NAME = "$(TARGET_NAME)";
				SWIFT_EMIT_LOC_STRINGS = YES;
				SWIFT_VERSION = 5.0;
				TARGETED_DEVICE_FAMILY = "1,2";
			};
			name = Release;
		};
/* End XCBuildConfiguration section */

/* Begin XCConfigurationList section */
		60748CF62977D3CB007AFFC9 /* Build configuration list for PBXProject "MandiriTV" */ = {
			isa = XCConfigurationList;
			buildConfigurations = (
				60748D0D2977D3CD007AFFC9 /* Debug */,
				60748D0E2977D3CD007AFFC9 /* Release */,
			);
			defaultConfigurationIsVisible = 0;
			defaultConfigurationName = Release;
		};
		60748D0F2977D3CD007AFFC9 /* Build configuration list for PBXNativeTarget "MandiriTV" */ = {
			isa = XCConfigurationList;
			buildConfigurations = (
				60748D102977D3CD007AFFC9 /* Debug */,
				60748D112977D3CD007AFFC9 /* Release */,
			);
			defaultConfigurationIsVisible = 0;
			defaultConfigurationName = Release;
		};
/* End XCConfigurationList section */
	};
	rootObject = 60748CF32977D3CB007AFFC9 /* Project object */;
}
